
Microsoft Visual Studio Solution File, Format Version 12.00
# Visual Studio 15
VisualStudioVersion = 15.0.28307.421
MinimumVisualStudioVersion = 10.0.40219.1
Project("{FAE04EC0-301F-11D3-BF4B-00C04F79EFBC}") = "Konstruction", "Konstruction\Konstruction.csproj", "{F1E21EF0-600C-4FAF-9688-C9BF9B5570D1}"
EndProject
Project("{FAE04EC0-301F-11D3-BF4B-00C04F79EFBC}") = "Konstruction.Model", "Konstruction.Model\Konstruction.Model.csproj", "{700D7354-6F44-4F4C-AB21-C52CC61726B2}"
EndProject
Global
	GlobalSection(SolutionConfigurationPlatforms) = preSolution
		Debug|Any CPU = Debug|Any CPU
		Release|Any CPU = Release|Any CPU
	EndGlobalSection
	GlobalSection(ProjectConfigurationPlatforms) = postSolution
		{F1E21EF0-600C-4FAF-9688-C9BF9B5570D1}.Debug|Any CPU.ActiveCfg = Debug|Any CPU
		{F1E21EF0-600C-4FAF-9688-C9BF9B5570D1}.Debug|Any CPU.Build.0 = Debug|Any CPU
		{F1E21EF0-600C-4FAF-9688-C9BF9B5570D1}.Release|Any CPU.ActiveCfg = Release|Any CPU
		{F1E21EF0-600C-4FAF-9688-C9BF9B5570D1}.Release|Any CPU.Build.0 = Release|Any CPU
		{700D7354-6F44-4F4C-AB21-C52CC61726B2}.Debug|Any CPU.ActiveCfg = Debug|Any CPU
		{700D7354-6F44-4F4C-AB21-C52CC61726B2}.Debug|Any CPU.Build.0 = Debug|Any CPU
		{700D7354-6F44-4F4C-AB21-C52CC61726B2}.Release|Any CPU.ActiveCfg = Release|Any CPU
		{700D7354-6F44-4F4C-AB21-C52CC61726B2}.Release|Any CPU.Build.0 = Release|Any CPU
	EndGlobalSection
	GlobalSection(SolutionProperties) = preSolution
		HideSolutionNode = FALSE
	EndGlobalSection
	GlobalSection(ExtensibilityGlobals) = postSolution
		SolutionGuid = {016985E2-623C-43EF-8650-ED7D58DF572D}
	EndGlobalSection
EndGlobal
